
Microsoft Visual Studio Solution File, Format Version 12.00
# Visual Studio 15
VisualStudioVersion = 15.0.27703.2000
MinimumVisualStudioVersion = 10.0.40219.1
Project("{FAE04EC0-301F-11D3-BF4B-00C04F79EFBC}") = "ToDoAPI", "ToDoAPI\ToDoAPI.csproj", "{0622B8C1-1EEE-4A00-86B2-626106C00793}"
EndProject
Project("{FAE04EC0-301F-11D3-BF4B-00C04F79EFBC}") = "ToDoAPI.Tests", "ToDoAPI.Tests\ToDoAPI.Tests.csproj", "{3C3769F7-400C-4237-A230-C270321A5500}"
EndProject
Global
	GlobalSection(SolutionConfigurationPlatforms) = preSolution
		Debug|Any CPU = Debug|Any CPU
		Release|Any CPU = Release|Any CPU
	EndGlobalSection
	GlobalSection(ProjectConfigurationPlatforms) = postSolution
		{0622B8C1-1EEE-4A00-86B2-626106C00793}.Debug|Any CPU.ActiveCfg = Debug|Any CPU
		{0622B8C1-1EEE-4A00-86B2-626106C00793}.Debug|Any CPU.Build.0 = Debug|Any CPU
		{0622B8C1-1EEE-4A00-86B2-626106C00793}.Release|Any CPU.ActiveCfg = Release|Any CPU
		{0622B8C1-1EEE-4A00-86B2-626106C00793}.Release|Any CPU.Build.0 = Release|Any CPU
		{3C3769F7-400C-4237-A230-C270321A5500}.Debug|Any CPU.ActiveCfg = Debug|Any CPU
		{3C3769F7-400C-4237-A230-C270321A5500}.Debug|Any CPU.Build.0 = Debug|Any CPU
		{3C3769F7-400C-4237-A230-C270321A5500}.Release|Any CPU.ActiveCfg = Release|Any CPU
		{3C3769F7-400C-4237-A230-C270321A5500}.Release|Any CPU.Build.0 = Release|Any CPU
	EndGlobalSection
	GlobalSection(SolutionProperties) = preSolution
		HideSolutionNode = FALSE
	EndGlobalSection
	GlobalSection(ExtensibilityGlobals) = postSolution
		SolutionGuid = {1DB9D907-A4A2-40A2-ACE5-19F41EFC8AF0}
	EndGlobalSection
EndGlobal
